<?xml version="1.0" encoding="utf-8"?>
<Project ToolsVersion="4.0" xmlns="http://schemas.microsoft.com/developer/msbuild/2003">
  <ItemGroup>
    <ClCompile Include="Game.cpp" />
    <ClCompile Include="Texture.cpp" />
    <ClCompile Include="Player.cpp" />
    <ClCompile Include="Vec2.cpp" />
    <ClCompile Include="System.cpp" />
    <ClCompile Include="Missile.cpp" />
    <ClCompile Include="Enemy.cpp" />
    <ClCompile Include="Random.cpp" />
    <ClCompile Include="Explosion.cpp" />
    <ClCompile Include="Animation.cpp" />
    <ClCompile Include="Powerup.cpp" />
    <ClCompile Include="GameManager.cpp" />
    <ClCompile Include="MainMenu.cpp" />
    <ClCompile Include="Button.cpp" />
    <ClCompile Include="GameBoss.cpp" />
    <ClCompile Include="Boss.cpp" />
    <ClCompile Include="Asteroid.cpp" />
    <ClCompile Include="ScoreManager.cpp" />
  </ItemGroup>
  <ItemGroup>
    <ClInclude Include="Game.h" />
    <ClInclude Include="Texture.h" />
    <ClInclude Include="Player.h" />
    <ClInclude Include="Vec2.h" />
    <ClInclude Include="System.h" />
    <ClInclude Include="Timer.h" />
    <ClInclude Include="Missile.h" />
    <ClInclude Include="Enemy.h" />
    <ClInclude Include="Random.h" />
    <ClInclude Include="Explosion.h" />
    <ClInclude Include="Animation.h" />
    <ClInclude Include="Powerup.h" />
    <ClInclude Include="GameManager.h" />
    <ClInclude Include="GameState.h" />
    <ClInclude Include="MainMenu.h" />
    <ClInclude Include="Button.h" />
    <ClInclude Include="GameBoss.h" />
    <ClInclude Include="Boss.h" />
    <ClInclude Include="Asteroid.h" />
    <ClInclude Include="ScoreManager.h" />
  </ItemGroup>
</Project>